{
  "name": "watcher-view",
  "version": "1.0.0",
  "lockfileVersion": 1,
  "requires": true,
  "dependencies": {
    "dotenv": {
      "version": "10.0.0",
      "resolved": "https://registry.npmjs.org/dotenv/-/dotenv-10.0.0.tgz",
      "integrity": "sha512-rlBi9d8jpv9Sf1klPjNfFAuWDjKLwTIJJ/VxtoTwIR6hnZxcEOQCZg2oIL3MWBYw5GpUDKOEnND7LXTbIpQ03Q=="
    },
    "dotenv-defaults": {
      "version": "2.0.2",
      "resolved": "https://registry.npmjs.org/dotenv-defaults/-/dotenv-defaults-2.0.2.tgz",
      "integrity": "sha512-iOIzovWfsUHU91L5i8bJce3NYK5JXeAwH50Jh6+ARUdLiiGlYWfGw6UkzsYqaXZH/hjE/eCd/PlfM/qqyK0AMg==",
      "dev": true,
      "requires": {
        "dotenv": "^8.2.0"
      },
      "dependencies": {
        "dotenv": {
          "version": "8.6.0",
          "resolved": "https://registry.npmjs.org/dotenv/-/dotenv-8.6.0.tgz",
          "integrity": "sha512-IrPdXQsk2BbzvCBGBOTmmSH5SodmqZNt4ERAZDmW4CT+tL8VtvinqywuANaFu4bOMWki16nqf0e4oC0QIaDr/g==",
          "dev": true
        }
      }
    },
    "dotenv-webpack": {
      "version": "7.0.3",
      "resolved": "https://registry.npmjs.org/dotenv-webpack/-/dotenv-webpack-7.0.3.tgz",
      "integrity": "sha512-O0O9pOEwrk+n1zzR3T2uuXRlw64QxHSPeNN1GaiNBloQFNaCUL9V8jxSVz4jlXXFP/CIqK8YecWf8BAvsSgMjw==",
      "dev": true,
      "requires": {
        "dotenv-defaults": "^2.0.2"
      }
    }
  }
}
